{
  "name": "thor",
  "version": "1.0.0",
  "lockfileVersion": 1,
  "dependencies": {
    "eslint-plugin-prettier": {
      "version": "2.2.0",
      "resolved": "https://registry.npmjs.org/eslint-plugin-prettier/-/eslint-plugin-prettier-2.2.0.tgz",
      "integrity": "sha512-LmIOP99A+BMeMYZoDeU196cV7FNIHJEjjWLARdz6JSTYmGK+HTEAVbJukPr/ZVOKPs5Hf7b10aXwSbty6Gqqsw==",
      "dev": true
    },
    "fast-diff": {
      "version": "1.1.1",
      "resolved": "https://registry.npmjs.org/fast-diff/-/fast-diff-1.1.1.tgz",
      "integrity": "sha1-CuoOTmBbaiGJ8Ok21Lf7rxt8/Zs=",
      "dev": true
    },
    "jest-docblock": {
      "version": "20.0.3",
      "resolved": "https://registry.npmjs.org/jest-docblock/-/jest-docblock-20.0.3.tgz",
      "integrity": "sha1-F76phDQswz2DxQ++FUXqDvqkRxI=",
      "dev": true
    },
    "prettier": {
      "version": "1.5.3",
      "resolved": "https://registry.npmjs.org/prettier/-/prettier-1.5.3.tgz",
      "integrity": "sha1-WdrcaDNF7GuI+IuU7Urn4do5S/4=",
      "dev": true
    }
  }
}
